
Microsoft Visual Studio Solution File, Format Version 12.00
# Visual Studio Version 16
VisualStudioVersion = 16.0.33027.164
MinimumVisualStudioVersion = 10.0.40219.1
Project("{FAE04EC0-301F-11D3-BF4B-00C04F79EFBC}") = "ebsis_3", "ebsis_3\ebsis_3.csproj", "{2A146B92-04DE-49CA-A5F3-BA81802F17CF}"
EndProject
Global
	GlobalSection(SolutionConfigurationPlatforms) = preSolution
		Debug|Any CPU = Debug|Any CPU
		Release|Any CPU = Release|Any CPU
	EndGlobalSection
	GlobalSection(ProjectConfigurationPlatforms) = postSolution
		{2A146B92-04DE-49CA-A5F3-BA81802F17CF}.Debug|Any CPU.ActiveCfg = Debug|Any CPU
		{2A146B92-04DE-49CA-A5F3-BA81802F17CF}.Debug|Any CPU.Build.0 = Debug|Any CPU
		{2A146B92-04DE-49CA-A5F3-BA81802F17CF}.Release|Any CPU.ActiveCfg = Release|Any CPU
		{2A146B92-04DE-49CA-A5F3-BA81802F17CF}.Release|Any CPU.Build.0 = Release|Any CPU
	EndGlobalSection
	GlobalSection(SolutionProperties) = preSolution
		HideSolutionNode = FALSE
	EndGlobalSection
	GlobalSection(ExtensibilityGlobals) = postSolution
		SolutionGuid = {19EEE87E-9C05-465D-9AD1-6AFA82C1EB36}
	EndGlobalSection
EndGlobal
